
Microsoft Visual Studio Solution File, Format Version 12.00
# Visual Studio Version 16
VisualStudioVersion = 16.0.29020.237
MinimumVisualStudioVersion = 10.0.40219.1
Project("{FAE04EC0-301F-11D3-BF4B-00C04F79EFBC}") = "kalkulacka", "kalkulacka\kalkulacka.csproj", "{AA3603A6-8B25-45D3-A524-472BBA2CA6EC}"
EndProject
Global
	GlobalSection(SolutionConfigurationPlatforms) = preSolution
		Debug|Any CPU = Debug|Any CPU
		Release|Any CPU = Release|Any CPU
	EndGlobalSection
	GlobalSection(ProjectConfigurationPlatforms) = postSolution
		{AA3603A6-8B25-45D3-A524-472BBA2CA6EC}.Debug|Any CPU.ActiveCfg = Debug|Any CPU
		{AA3603A6-8B25-45D3-A524-472BBA2CA6EC}.Debug|Any CPU.Build.0 = Debug|Any CPU
		{AA3603A6-8B25-45D3-A524-472BBA2CA6EC}.Release|Any CPU.ActiveCfg = Release|Any CPU
		{AA3603A6-8B25-45D3-A524-472BBA2CA6EC}.Release|Any CPU.Build.0 = Release|Any CPU
	EndGlobalSection
	GlobalSection(SolutionProperties) = preSolution
		HideSolutionNode = FALSE
	EndGlobalSection
	GlobalSection(ExtensibilityGlobals) = postSolution
		SolutionGuid = {D0DDA297-D3C2-4C43-8AC6-0490DE97A676}
	EndGlobalSection
EndGlobal
